
Microsoft Visual Studio Solution File, Format Version 12.00
# Visual Studio Version 16
VisualStudioVersion = 16.0.29006.145
MinimumVisualStudioVersion = 10.0.40219.1
Project("{FAE04EC0-301F-11D3-BF4B-00C04F79EFBC}") = "JOD", "JOD\JOD.csproj", "{3791803F-9D9F-4195-9660-D9B1C6428CE4}"
EndProject
Project("{2150E333-8FDC-42A3-9474-1A3956D46DE8}") = "Test", "Test", "{46ACD90A-5DE9-487A-B517-4707C3923EA4}"
EndProject
Project("{FAE04EC0-301F-11D3-BF4B-00C04F79EFBC}") = "XUnitTest", "XUnitTest\XUnitTest.csproj", "{63ED9EA6-820E-4D16-A0A3-1E9B906F3205}"
EndProject
Global
	GlobalSection(SolutionConfigurationPlatforms) = preSolution
		Debug|Any CPU = Debug|Any CPU
		Release|Any CPU = Release|Any CPU
	EndGlobalSection
	GlobalSection(ProjectConfigurationPlatforms) = postSolution
		{3791803F-9D9F-4195-9660-D9B1C6428CE4}.Debug|Any CPU.ActiveCfg = Debug|Any CPU
		{3791803F-9D9F-4195-9660-D9B1C6428CE4}.Debug|Any CPU.Build.0 = Debug|Any CPU
		{3791803F-9D9F-4195-9660-D9B1C6428CE4}.Release|Any CPU.ActiveCfg = Release|Any CPU
		{3791803F-9D9F-4195-9660-D9B1C6428CE4}.Release|Any CPU.Build.0 = Release|Any CPU
		{63ED9EA6-820E-4D16-A0A3-1E9B906F3205}.Debug|Any CPU.ActiveCfg = Debug|Any CPU
		{63ED9EA6-820E-4D16-A0A3-1E9B906F3205}.Debug|Any CPU.Build.0 = Debug|Any CPU
		{63ED9EA6-820E-4D16-A0A3-1E9B906F3205}.Release|Any CPU.ActiveCfg = Release|Any CPU
		{63ED9EA6-820E-4D16-A0A3-1E9B906F3205}.Release|Any CPU.Build.0 = Release|Any CPU
	EndGlobalSection
	GlobalSection(SolutionProperties) = preSolution
		HideSolutionNode = FALSE
	EndGlobalSection
	GlobalSection(NestedProjects) = preSolution
		{63ED9EA6-820E-4D16-A0A3-1E9B906F3205} = {46ACD90A-5DE9-487A-B517-4707C3923EA4}
	EndGlobalSection
	GlobalSection(ExtensibilityGlobals) = postSolution
		SolutionGuid = {36FE0C9A-33B3-4FBF-B6F0-DDA1E33667FE}
	EndGlobalSection
EndGlobal
